# This file is autogenerated, do not edit; changes may be undone by the next 'dep ensure'.


[[projects]]
  digest = "1:b16fbfbcc20645cb419f78325bb2e85ec729b338e996a228124d68931a6f2a37"
  name = "github.com/BurntSushi/toml"
  packages = ["."]
  pruneopts = "UT"
  revision = "b26d9c308763d68093482582cea63d69be07a0f0"
  version = "v0.3.0"

[[projects]]
  branch = "master"
  digest = "1:697c67f85d787be755efeb03461cb252e6c06d021fb67ac269242922f39035f2"
  name = "github.com/GeertJohan/yubigo"
  packages = ["."]
  pruneopts = "UT"
  revision = "b1764f04aa9ba3c98a15084e7e13c1a69753e1da"

[[projects]]
  digest = "1:7b94d37d65c0445053c6f3e73090e3966c1c29127035492c349e14f25c440359"
  name = "github.com/boombuler/barcode"
  packages = [
    ".",
    "qr",
    "utils",
  ]
  pruneopts = "UT"
  revision = "3cfea5ab600ae37946be2b763b8ec2c1cf2d272d"
  version = "v1.0.0"

[[projects]]
  digest = "1:abaaa7489a2f0f3afb2adc8ea1a282a5bd52350b87b26da220c94fc778d6d63b"
  name = "github.com/docopt/docopt-go"
  packages = ["."]
  pruneopts = "UT"
  revision = "784ddc588536785e7299f7272f39101f7faccc3f"
  version = "0.6.2"

[[projects]]
  digest = "1:ca955a9cd5b50b0f43d2cc3aeb35c951473eeca41b34eb67507f1dbcc0542394"
  name = "github.com/kr/pretty"
  packages = ["."]
  pruneopts = "UT"
  revision = "73f6ac0b30a98e433b289500d779f50c1a6f0712"
  version = "v0.1.0"

[[projects]]
  digest = "1:15b5cc79aad436d47019f814fde81a10221c740dc8ddf769221a65097fb6c2e9"
  name = "github.com/kr/text"
  packages = ["."]
  pruneopts = "UT"
  revision = "e2ffdb16a802fe2bb95e2e35ff34f0e53aeef34f"
  version = "v0.1.0"

[[projects]]
  branch = "master"
  digest = "1:1425ecbdc8449cf055118176863003ceb553777e288ffd5e64d426ce0dc2e163"
  name = "github.com/nmcclain/asn1-ber"
  packages = ["."]
  pruneopts = "UT"
  revision = "2661553a04840c556cf4f3cd69fa3332bae84e9d"

[[projects]]
  branch = "master"
  digest = "1:360299c608532dbf9add4551318283446c309b1950e3774d56aa78342b2f87ee"
  name = "github.com/nmcclain/ldap"
  packages = ["."]
  pruneopts = "UT"
  revision = "6e14e82719330c918c5b4139cc80c51d7ebc5fba"

[[projects]]
  digest = "1:5b3b29ce0e569f62935d9541dff2e16cc09df981ebde48e82259076a73a3d0c7"
  name = "github.com/op/go-logging"
  packages = ["."]
  pruneopts = "UT"
  revision = "b2cb9fa56473e98db8caba80237377e83fe44db5"
  version = "v1"

[[projects]]
  digest = "1:6c7a3f738e37a1c7ad3d56122a34932140654d51a57e01f8613cdf3eaf050911"
  name = "github.com/pquerna/otp"
  packages = [
    ".",
    "hotp",
    "totp",
  ]
  pruneopts = "UT"
  revision = "b7b89250c468c06871d3837bee02e2d5c155ae19"
  version = "v1.0.0"

[[projects]]
  digest = "1:1ab2c2c86eefb50e2ce7301ce355514afc63ff0205ee848ee7bba8d793c5aa63"
  name = "gopkg.in/amz.v1"
  packages = [
    "aws",
    "s3",
  ]
  pruneopts = "UT"
  revision = "ad23e96a31d28364dc0290f44b1a922aba379e18"
  version = "v1.0"

[solve-meta]
  analyzer-name = "dep"
  analyzer-version = 1
  input-imports = [
    "github.com/BurntSushi/toml",
    "github.com/GeertJohan/yubigo",
    "github.com/docopt/docopt-go",
    "github.com/kr/pretty",
    "github.com/nmcclain/ldap",
    "github.com/op/go-logging",
    "github.com/pquerna/otp/totp",
    "gopkg.in/amz.v1/aws",
    "gopkg.in/amz.v1/s3",
  ]
  solver-name = "gps-cdcl"
  solver-version = 1
